
Microsoft Visual Studio Solution File, Format Version 12.00
# Visual Studio Version 17
VisualStudioVersion = 17.5.33516.290
MinimumVisualStudioVersion = 10.0.40219.1
Project("{8BC9CEB8-8B4A-11D0-8D11-00A0C91BC942}") = "Window", "Window\Window.vcxproj", "{C309F749-4E4B-4775-B84F-AB10B6DBE09A}"
EndProject
Project("{8BC9CEB8-8B4A-11D0-8D11-00A0C91BC942}") = "PixelGenerator", "PixelGenerator\PixelGenerator.vcxproj", "{40FC0E8E-54F5-4529-BA4A-9EF2557B79AF}"
EndProject
Project("{8BC9CEB8-8B4A-11D0-8D11-00A0C91BC942}") = "SortingAlgortihm", "SortingAlgortihm\SortingAlgortihm.vcxproj", "{90BCE4CD-CDB8-45B1-A6F9-9DFABF855D44}"
EndProject
Global
	GlobalSection(SolutionConfigurationPlatforms) = preSolution
		Debug|x64 = Debug|x64
		Debug|x86 = Debug|x86
		Release|x64 = Release|x64
		Release|x86 = Release|x86
	EndGlobalSection
	GlobalSection(ProjectConfigurationPlatforms) = postSolution
		{C309F749-4E4B-4775-B84F-AB10B6DBE09A}.Debug|x64.ActiveCfg = Debug|x64
		{C309F749-4E4B-4775-B84F-AB10B6DBE09A}.Debug|x64.Build.0 = Debug|x64
		{C309F749-4E4B-4775-B84F-AB10B6DBE09A}.Debug|x86.ActiveCfg = Debug|Win32
		{C309F749-4E4B-4775-B84F-AB10B6DBE09A}.Debug|x86.Build.0 = Debug|Win32
		{C309F749-4E4B-4775-B84F-AB10B6DBE09A}.Release|x64.ActiveCfg = Release|x64
		{C309F749-4E4B-4775-B84F-AB10B6DBE09A}.Release|x64.Build.0 = Release|x64
		{C309F749-4E4B-4775-B84F-AB10B6DBE09A}.Release|x86.ActiveCfg = Release|Win32
		{C309F749-4E4B-4775-B84F-AB10B6DBE09A}.Release|x86.Build.0 = Release|Win32
		{40FC0E8E-54F5-4529-BA4A-9EF2557B79AF}.Debug|x64.ActiveCfg = Debug|x64
		{40FC0E8E-54F5-4529-BA4A-9EF2557B79AF}.Debug|x64.Build.0 = Debug|x64
		{40FC0E8E-54F5-4529-BA4A-9EF2557B79AF}.Debug|x86.ActiveCfg = Debug|Win32
		{40FC0E8E-54F5-4529-BA4A-9EF2557B79AF}.Debug|x86.Build.0 = Debug|Win32
		{40FC0E8E-54F5-4529-BA4A-9EF2557B79AF}.Release|x64.ActiveCfg = Release|x64
		{40FC0E8E-54F5-4529-BA4A-9EF2557B79AF}.Release|x64.Build.0 = Release|x64
		{40FC0E8E-54F5-4529-BA4A-9EF2557B79AF}.Release|x86.ActiveCfg = Release|Win32
		{40FC0E8E-54F5-4529-BA4A-9EF2557B79AF}.Release|x86.Build.0 = Release|Win32
		{90BCE4CD-CDB8-45B1-A6F9-9DFABF855D44}.Debug|x64.ActiveCfg = Debug|x64
		{90BCE4CD-CDB8-45B1-A6F9-9DFABF855D44}.Debug|x64.Build.0 = Debug|x64
		{90BCE4CD-CDB8-45B1-A6F9-9DFABF855D44}.Debug|x86.ActiveCfg = Debug|Win32
		{90BCE4CD-CDB8-45B1-A6F9-9DFABF855D44}.Debug|x86.Build.0 = Debug|Win32
		{90BCE4CD-CDB8-45B1-A6F9-9DFABF855D44}.Release|x64.ActiveCfg = Release|x64
		{90BCE4CD-CDB8-45B1-A6F9-9DFABF855D44}.Release|x64.Build.0 = Release|x64
		{90BCE4CD-CDB8-45B1-A6F9-9DFABF855D44}.Release|x86.ActiveCfg = Release|Win32
		{90BCE4CD-CDB8-45B1-A6F9-9DFABF855D44}.Release|x86.Build.0 = Release|Win32
	EndGlobalSection
	GlobalSection(SolutionProperties) = preSolution
		HideSolutionNode = FALSE
	EndGlobalSection
	GlobalSection(ExtensibilityGlobals) = postSolution
		SolutionGuid = {0E841550-5EC5-421B-A6A7-8F0B5312839C}
	EndGlobalSection
EndGlobal
